
Microsoft Visual Studio Solution File, Format Version 12.00
# Visual Studio Version 17
VisualStudioVersion = 17.9.34616.47
MinimumVisualStudioVersion = 10.0.40219.1
Project("{FAE04EC0-301F-11D3-BF4B-00C04F79EFBC}") = "SnykProblem7", "SnykProblem7\SnykProblem7.csproj", "{A352424C-46EE-4CA1-8A08-50071849EAD5}"
EndProject
Global
	GlobalSection(SolutionConfigurationPlatforms) = preSolution
		Debug|Any CPU = Debug|Any CPU
		Release|Any CPU = Release|Any CPU
	EndGlobalSection
	GlobalSection(ProjectConfigurationPlatforms) = postSolution
		{A352424C-46EE-4CA1-8A08-50071849EAD5}.Debug|Any CPU.ActiveCfg = Debug|Any CPU
		{A352424C-46EE-4CA1-8A08-50071849EAD5}.Debug|Any CPU.Build.0 = Debug|Any CPU
		{A352424C-46EE-4CA1-8A08-50071849EAD5}.Release|Any CPU.ActiveCfg = Release|Any CPU
		{A352424C-46EE-4CA1-8A08-50071849EAD5}.Release|Any CPU.Build.0 = Release|Any CPU
	EndGlobalSection
	GlobalSection(SolutionProperties) = preSolution
		HideSolutionNode = FALSE
	EndGlobalSection
	GlobalSection(ExtensibilityGlobals) = postSolution
		SolutionGuid = {6B68057B-64CC-42CE-97BC-2E144BFB4E5C}
	EndGlobalSection
EndGlobal
